
Microsoft Visual Studio Solution File, Format Version 12.00
# Visual Studio Version 17
VisualStudioVersion = 17.7.33711.374
MinimumVisualStudioVersion = 10.0.40219.1
Project("{FAE04EC0-301F-11D3-BF4B-00C04F79EFBC}") = "Casino", "Casino\Casino.csproj", "{E77226CA-D2C7-43E3-8D83-26D8FB7544FE}"
EndProject
Global
	GlobalSection(SolutionConfigurationPlatforms) = preSolution
		Debug|Any CPU = Debug|Any CPU
		Release|Any CPU = Release|Any CPU
	EndGlobalSection
	GlobalSection(ProjectConfigurationPlatforms) = postSolution
		{E77226CA-D2C7-43E3-8D83-26D8FB7544FE}.Debug|Any CPU.ActiveCfg = Debug|Any CPU
		{E77226CA-D2C7-43E3-8D83-26D8FB7544FE}.Debug|Any CPU.Build.0 = Debug|Any CPU
		{E77226CA-D2C7-43E3-8D83-26D8FB7544FE}.Release|Any CPU.ActiveCfg = Release|Any CPU
		{E77226CA-D2C7-43E3-8D83-26D8FB7544FE}.Release|Any CPU.Build.0 = Release|Any CPU
	EndGlobalSection
	GlobalSection(SolutionProperties) = preSolution
		HideSolutionNode = FALSE
	EndGlobalSection
	GlobalSection(ExtensibilityGlobals) = postSolution
		SolutionGuid = {930B7BD5-94AC-4090-8E63-D5AF0A2054A5}
	EndGlobalSection
EndGlobal
